
Microsoft Visual Studio Solution File, Format Version 12.00
# Visual Studio Version 16
VisualStudioVersion = 16.0.30907.101
MinimumVisualStudioVersion = 10.0.40219.1
Project("{9A19103F-16F7-4668-BE54-9A1E7A4F7556}") = "GestaoHoras3", "GestaoHoras3\GestaoHoras3.csproj", "{0A4DA2C8-34BF-43C6-849A-BD9ABC236E9F}"
EndProject
Global
	GlobalSection(SolutionConfigurationPlatforms) = preSolution
		Debug|Any CPU = Debug|Any CPU
		Release|Any CPU = Release|Any CPU
	EndGlobalSection
	GlobalSection(ProjectConfigurationPlatforms) = postSolution
		{0A4DA2C8-34BF-43C6-849A-BD9ABC236E9F}.Debug|Any CPU.ActiveCfg = Debug|Any CPU
		{0A4DA2C8-34BF-43C6-849A-BD9ABC236E9F}.Debug|Any CPU.Build.0 = Debug|Any CPU
		{0A4DA2C8-34BF-43C6-849A-BD9ABC236E9F}.Release|Any CPU.ActiveCfg = Release|Any CPU
		{0A4DA2C8-34BF-43C6-849A-BD9ABC236E9F}.Release|Any CPU.Build.0 = Release|Any CPU
	EndGlobalSection
	GlobalSection(SolutionProperties) = preSolution
		HideSolutionNode = FALSE
	EndGlobalSection
	GlobalSection(ExtensibilityGlobals) = postSolution
		SolutionGuid = {D0CC5817-0D67-4C43-AFCB-3137CA9A1A75}
	EndGlobalSection
EndGlobal
